// !$*UTF8*$!
{
	archiveVersion = 1;
	classes = {
	};
	objectVersion = 46;
	objects = {

/* Begin PBXBuildFile section */
		2E0115115C7959D62D14BAD0 /* libPods-SealAppUITests.a in Frameworks */ = {isa = PBXBuildFile; fileRef = DF3E2928E5F264FEC925F559 /* libPods-SealAppUITests.a */; };
		632E57EE1D6789C900B7FC6A /* templateLibrary.m in Sources */ = {isa = PBXBuildFile; fileRef = 632E57ED1D6789C900B7FC6A /* templateLibrary.m */; };
		632E57F11D679C3A00B7FC6A /* itemStructure.m in Sources */ = {isa = PBXBuildFile; fileRef = 632E57F01D679C3A00B7FC6A /* itemStructure.m */; };
		632E57F31D67AB6000B7FC6A /* scopeLayout.html in Resources */ = {isa = PBXBuildFile; fileRef = 632E57F21D67AB6000B7FC6A /* scopeLayout.html */; };
		6343E2AB1D62540B009C1DB0 /* CreateProfile.m in Sources */ = {isa = PBXBuildFile; fileRef = 6343E2AA1D62540B009C1DB0 /* CreateProfile.m */; };
		6343E2AF1D625FC1009C1DB0 /* SettingsViewController.m in Sources */ = {isa = PBXBuildFile; fileRef = 6343E2AE1D625FC1009C1DB0 /* SettingsViewController.m */; };
		6343E2B21D626183009C1DB0 /* UILib.m in Sources */ = {isa = PBXBuildFile; fileRef = 6343E2B11D626183009C1DB0 /* UILib.m */; };
		6343E2B61D627F8D009C1DB0 /* PrivacySettingsViewController.m in Sources */ = {isa = PBXBuildFile; fileRef = 6343E2B51D627F8D009C1DB0 /* PrivacySettingsViewController.m */; };
		6343E2B91D627FB3009C1DB0 /* privacyPolicy.rtf in Resources */ = {isa = PBXBuildFile; fileRef = 6343E2B71D627FB3009C1DB0 /* privacyPolicy.rtf */; };
		6343E2BA1D627FB3009C1DB0 /* termsOfService.rtf in Resources */ = {isa = PBXBuildFile; fileRef = 6343E2B81D627FB3009C1DB0 /* termsOfService.rtf */; };
		6343E2C01D628846009C1DB0 /* sealBlock.m in Sources */ = {isa = PBXBuildFile; fileRef = 6343E2BD1D628846009C1DB0 /* sealBlock.m */; };
		6343E2C11D628846009C1DB0 /* sealCellTableViewCell.m in Sources */ = {isa = PBXBuildFile; fileRef = 6343E2BF1D628846009C1DB0 /* sealCellTableViewCell.m */; };
		6343E2C41D628999009C1DB0 /* SealObject.m in Sources */ = {isa = PBXBuildFile; fileRef = 6343E2C31D628999009C1DB0 /* SealObject.m */; };
		635872D21D64B212000E99FB /* SendSealViewController.m in Sources */ = {isa = PBXBuildFile; fileRef = 635872D11D64B212000E99FB /* SendSealViewController.m */; };
		635872D51D64B2D6000E99FB /* LayoutEmail.m in Sources */ = {isa = PBXBuildFile; fileRef = 635872D41D64B2D6000E99FB /* LayoutEmail.m */; };
		635872DB1D64BC76000E99FB /* recipientsLayout.html in Resources */ = {isa = PBXBuildFile; fileRef = 635872D71D64BC76000E99FB /* recipientsLayout.html */; };
		635872DC1D64BC76000E99FB /* valueLayout.html in Resources */ = {isa = PBXBuildFile; fileRef = 635872D81D64BC76000E99FB /* valueLayout.html */; };
		635872DD1D64BC76000E99FB /* emailLayout.html in Resources */ = {isa = PBXBuildFile; fileRef = 635872D91D64BC76000E99FB /* emailLayout.html */; };
		638991751D6BC7E600109ABA /* timeLayout.html in Resources */ = {isa = PBXBuildFile; fileRef = 638991741D6BC7E600109ABA /* timeLayout.html */; };
		638991791D6D005200109ABA /* termLayout.html in Resources */ = {isa = PBXBuildFile; fileRef = 638991781D6D005100109ABA /* termLayout.html */; };
		638AABA11DCFE28400ACF267 /* background_pattern.png in Resources */ = {isa = PBXBuildFile; fileRef = 638AABA01DCFE28400ACF267 /* background_pattern.png */; };
		638AABA91DCFE7C600ACF267 /* Default-667h@2x.png in Resources */ = {isa = PBXBuildFile; fileRef = 638AABA41DCFE7C600ACF267 /* Default-667h@2x.png */; };
		638AABAA1DCFE7C600ACF267 /* Default-736h@3x.png in Resources */ = {isa = PBXBuildFile; fileRef = 638AABA51DCFE7C600ACF267 /* Default-736h@3x.png */; };
		6391298E1DE50E7C0012C331 /* instructions_0.png in Resources */ = {isa = PBXBuildFile; fileRef = 6391298D1DE50E7C0012C331 /* instructions_0.png */; };
		639A6B321D6F8653007357B0 /* create_normal.png in Resources */ = {isa = PBXBuildFile; fileRef = 639A6B2E1D6F8653007357B0 /* create_normal.png */; };
		639A6B331D6F8653007357B0 /* create_selected.png in Resources */ = {isa = PBXBuildFile; fileRef = 639A6B2F1D6F8653007357B0 /* create_selected.png */; };
		639A6B341D6F8653007357B0 /* save.png in Resources */ = {isa = PBXBuildFile; fileRef = 639A6B301D6F8653007357B0 /* save.png */; };
		639A6B351D6F8653007357B0 /* send.png in Resources */ = {isa = PBXBuildFile; fileRef = 639A6B311D6F8653007357B0 /* send.png */; };
		639A6B3A1D6F918F007357B0 /* profile_pic.png in Resources */ = {isa = PBXBuildFile; fileRef = 639A6B371D6F918F007357B0 /* profile_pic.png */; };
		639A6B3B1D6F918F007357B0 /* profile_pic_mask.png in Resources */ = {isa = PBXBuildFile; fileRef = 639A6B381D6F918F007357B0 /* profile_pic_mask.png */; };
		639A6B3C1D6F918F007357B0 /* profile_round_border.png in Resources */ = {isa = PBXBuildFile; fileRef = 639A6B391D6F918F007357B0 /* profile_round_border.png */; };
		63A536821D6D4FC100884D14 /* Colors.m in Sources */ = {isa = PBXBuildFile; fileRef = 63A536811D6D4FC100884D14 /* Colors.m */; };
		63A536AF1D6E441400884D14 /* confirm_normal.png in Resources */ = {isa = PBXBuildFile; fileRef = 63A5369D1D6E441400884D14 /* confirm_normal.png */; };
		63A536B01D6E441400884D14 /* confirm_selected.png in Resources */ = {isa = PBXBuildFile; fileRef = 63A5369E1D6E441400884D14 /* confirm_selected.png */; };
		63A536B11D6E441400884D14 /* delete.png in Resources */ = {isa = PBXBuildFile; fileRef = 63A5369F1D6E441400884D14 /* delete.png */; };
		63A536B21D6E441400884D14 /* library_normal.png in Resources */ = {isa = PBXBuildFile; fileRef = 63A536A01D6E441400884D14 /* library_normal.png */; };
		63A536B31D6E441400884D14 /* library_selected.png in Resources */ = {isa = PBXBuildFile; fileRef = 63A536A11D6E441400884D14 /* library_selected.png */; };
		63A536B41D6E441400884D14 /* profile_normal.png in Resources */ = {isa = PBXBuildFile; fileRef = 63A536A21D6E441400884D14 /* profile_normal.png */; };
		63A536B51D6E441400884D14 /* profile_selected.png in Resources */ = {isa = PBXBuildFile; fileRef = 63A536A31D6E441400884D14 /* profile_selected.png */; };
		63A536B61D6E441400884D14 /* settings_normal.png in Resources */ = {isa = PBXBuildFile; fileRef = 63A536A41D6E441400884D14 /* settings_normal.png */; };
		63A536B71D6E441400884D14 /* settings_selected.png in Resources */ = {isa = PBXBuildFile; fileRef = 63A536A51D6E441400884D14 /* settings_selected.png */; };
		63A536B81D6E441400884D14 /* terms_normal.png in Resources */ = {isa = PBXBuildFile; fileRef = 63A536A61D6E441400884D14 /* terms_normal.png */; };
		63A536B91D6E441400884D14 /* terms_selected.png in Resources */ = {isa = PBXBuildFile; fileRef = 63A536A71D6E441400884D14 /* terms_selected.png */; };
		63A536BA1D6E441400884D14 /* time_normal.png in Resources */ = {isa = PBXBuildFile; fileRef = 63A536A81D6E441400884D14 /* time_normal.png */; };
		63A536BB1D6E441400884D14 /* time_selected.png in Resources */ = {isa = PBXBuildFile; fileRef = 63A536A91D6E441400884D14 /* time_selected.png */; };
		63A536BC1D6E441400884D14 /* value_normal.png in Resources */ = {isa = PBXBuildFile; fileRef = 63A536AA1D6E441400884D14 /* value_normal.png */; };
		63A536BD1D6E441400884D14 /* value_selected.png in Resources */ = {isa = PBXBuildFile; fileRef = 63A536AB1D6E441400884D14 /* value_selected.png */; };
		63A536BE1D6E441400884D14 /* what_normal.png in Resources */ = {isa = PBXBuildFile; fileRef = 63A536AC1D6E441400884D14 /* what_normal.png */; };
		63A536BF1D6E441400884D14 /* what_selected.png in Resources */ = {isa = PBXBuildFile; fileRef = 63A536AD1D6E441400884D14 /* what_selected.png */; };
		63C0477C1DAA806400EFE174 /* app_icon_167_ipadpro.png in Resources */ = {isa = PBXBuildFile; fileRef = 63C0476F1DAA806400EFE174 /* app_icon_167_ipadpro.png */; };
		63C0477D1DAA806400EFE174 /* icon-60@2x.png in Resources */ = {isa = PBXBuildFile; fileRef = 63C047701DAA806400EFE174 /* icon-60@2x.png */; };
		63C0477E1DAA806400EFE174 /* icon-60@3x.png in Resources */ = {isa = PBXBuildFile; fileRef = 63C047711DAA806400EFE174 /* icon-60@3x.png */; };
		63C0477F1DAA806400EFE174 /* Icon-76.png in Resources */ = {isa = PBXBuildFile; fileRef = 63C047721DAA806400EFE174 /* Icon-76.png */; };
		63C047801DAA806400EFE174 /* Icon-76@2x.png in Resources */ = {isa = PBXBuildFile; fileRef = 63C047731DAA806400EFE174 /* Icon-76@2x.png */; };
		63C047811DAA806400EFE174 /* Icon-Small-40.png in Resources */ = {isa = PBXBuildFile; fileRef = 63C047741DAA806400EFE174 /* Icon-Small-40.png */; };
		63C047821DAA806400EFE174 /* Icon-Small-40@2x.png in Resources */ = {isa = PBXBuildFile; fileRef = 63C047751DAA806400EFE174 /* Icon-Small-40@2x.png */; };
		63C047831DAA806400EFE174 /* Icon-Small-40@3x.png in Resources */ = {isa = PBXBuildFile; fileRef = 63C047761DAA806400EFE174 /* Icon-Small-40@3x.png */; };
		63C047841DAA806400EFE174 /* Icon-Small.png in Resources */ = {isa = PBXBuildFile; fileRef = 63C047771DAA806400EFE174 /* Icon-Small.png */; };
		63C047851DAA806400EFE174 /* Icon-Small@2x.png in Resources */ = {isa = PBXBuildFile; fileRef = 63C047781DAA806400EFE174 /* Icon-Small@2x.png */; };
		63C047861DAA806400EFE174 /* Icon-Small@3x.png in Resources */ = {isa = PBXBuildFile; fileRef = 63C047791DAA806400EFE174 /* Icon-Small@3x.png */; };
		63C047871DAA806400EFE174 /* seal_itunesArtwork.png in Resources */ = {isa = PBXBuildFile; fileRef = 63C0477A1DAA806400EFE174 /* seal_itunesArtwork.png */; };
		63C047881DAA806400EFE174 /* seal_itunesArtwork@2x.png in Resources */ = {isa = PBXBuildFile; fileRef = 63C0477B1DAA806400EFE174 /* seal_itunesArtwork@2x.png */; };
		63C0478D1DAA81FE00EFE174 /* logo.png in Resources */ = {isa = PBXBuildFile; fileRef = 63C0478C1DAA81FE00EFE174 /* logo.png */; };
		63C047901DAA8DE000EFE174 /* add_from_library_normal.png in Resources */ = {isa = PBXBuildFile; fileRef = 63C0478E1DAA8DE000EFE174 /* add_from_library_normal.png */; };
		63C047911DAA8DE000EFE174 /* add_from_library_selected.png in Resources */ = {isa = PBXBuildFile; fileRef = 63C0478F1DAA8DE000EFE174 /* add_from_library_selected.png */; };
		63EBD3831D6205EE0005BC26 /* main.m in Sources */ = {isa = PBXBuildFile; fileRef = 63EBD3821D6205EE0005BC26 /* main.m */; };
		63EBD3861D6205EE0005BC26 /* AppDelegate.m in Sources */ = {isa = PBXBuildFile; fileRef = 63EBD3851D6205EE0005BC26 /* AppDelegate.m */; };
		63EBD3891D6205EE0005BC26 /* StartViewController.m in Sources */ = {isa = PBXBuildFile; fileRef = 63EBD3881D6205EE0005BC26 /* StartViewController.m */; };
		63EBD38C1D6205EE0005BC26 /* Main.storyboard in Resources */ = {isa = PBXBuildFile; fileRef = 63EBD38A1D6205EE0005BC26 /* Main.storyboard */; };
		63EBD38F1D6205EE0005BC26 /* SealApp.xcdatamodeld in Sources */ = {isa = PBXBuildFile; fileRef = 63EBD38D1D6205EE0005BC26 /* SealApp.xcdatamodeld */; };
		63EBD3911D6205EE0005BC26 /* Assets.xcassets in Resources */ = {isa = PBXBuildFile; fileRef = 63EBD3901D6205EE0005BC26 /* Assets.xcassets */; };
		63EBD39F1D6205EE0005BC26 /* SealAppTests.m in Sources */ = {isa = PBXBuildFile; fileRef = 63EBD39E1D6205EE0005BC26 /* SealAppTests.m */; };
		63EBD3AA1D6205EE0005BC26 /* SealAppUITests.m in Sources */ = {isa = PBXBuildFile; fileRef = 63EBD3A91D6205EE0005BC26 /* SealAppUITests.m */; };
		63EBD3B91D620C390005BC26 /* HomePageController.m in Sources */ = {isa = PBXBuildFile; fileRef = 63EBD3B81D620C390005BC26 /* HomePageController.m */; };
		63EBD3BC1D620C4A0005BC26 /* IntroductionViewController.m in Sources */ = {isa = PBXBuildFile; fileRef = 63EBD3BB1D620C4A0005BC26 /* IntroductionViewController.m */; };
		63EBD3C11D620EF80005BC26 /* SignInViewController.m in Sources */ = {isa = PBXBuildFile; fileRef = 63EBD3C01D620EF80005BC26 /* SignInViewController.m */; };
		63EBD3C81D6218B00005BC26 /* UserLogic.m in Sources */ = {isa = PBXBuildFile; fileRef = 63EBD3C71D6218B00005BC26 /* UserLogic.m */; };
		63EBD3CB1D6219410005BC26 /* Bolts.framework in Frameworks */ = {isa = PBXBuildFile; fileRef = 63EBD3C91D6219410005BC26 /* Bolts.framework */; };
		63EBD3CC1D6219410005BC26 /* Parse.framework in Frameworks */ = {isa = PBXBuildFile; fileRef = 63EBD3CA1D6219410005BC26 /* Parse.framework */; };
		63EBD3CF1D621ACA0005BC26 /* StoreKit.framework in Frameworks */ = {isa = PBXBuildFile; fileRef = 63EBD3CE1D621ACA0005BC26 /* StoreKit.framework */; };
		63EBD3D11D621AD10005BC26 /* Security.framework in Frameworks */ = {isa = PBXBuildFile; fileRef = 63EBD3D01D621AD10005BC26 /* Security.framework */; };
		63EBD3D31D621AD70005BC26 /* QuartzCore.framework in Frameworks */ = {isa = PBXBuildFile; fileRef = 63EBD3D21D621AD70005BC26 /* QuartzCore.framework */; };
		63EBD3D51D621ADC0005BC26 /* CoreLocation.framework in Frameworks */ = {isa = PBXBuildFile; fileRef = 63EBD3D41D621ADC0005BC26 /* CoreLocation.framework */; };
		63EBD3D71D621AE30005BC26 /* SystemConfiguration.framework in Frameworks */ = {isa = PBXBuildFile; fileRef = 63EBD3D61D621AE30005BC26 /* SystemConfiguration.framework */; };
		63EBD3D91D621AE80005BC26 /* CoreGraphics.framework in Frameworks */ = {isa = PBXBuildFile; fileRef = 63EBD3D81D621AE80005BC26 /* CoreGraphics.framework */; };
		63EBD3DB1D621AEE0005BC26 /* CFNetwork.framework in Frameworks */ = {isa = PBXBuildFile; fileRef = 63EBD3DA1D621AEE0005BC26 /* CFNetwork.framework */; };
		63EBD3DD1D621AF50005BC26 /* AudioToolbox.framework in Frameworks */ = {isa = PBXBuildFile; fileRef = 63EBD3DC1D621AF50005BC26 /* AudioToolbox.framework */; };
		63EBD3DF1D621B210005BC26 /* libz.tbd in Frameworks */ = {isa = PBXBuildFile; fileRef = 63EBD3DE1D621B210005BC26 /* libz.tbd */; };
		63EBD3E11D621B2F0005BC26 /* libsqlite3.0.tbd in Frameworks */ = {isa = PBXBuildFile; fileRef = 63EBD3E01D621B2F0005BC26 /* libsqlite3.0.tbd */; };
		63F757361DCFCB68009D3AD2 /* instructions_1.png in Resources */ = {isa = PBXBuildFile; fileRef = 63F757311DCFCB68009D3AD2 /* instructions_1.png */; };
		63F757371DCFCB68009D3AD2 /* instructions_2.png in Resources */ = {isa = PBXBuildFile; fileRef = 63F757321DCFCB68009D3AD2 /* instructions_2.png */; };
		63F757381DCFCB68009D3AD2 /* instructions_3.png in Resources */ = {isa = PBXBuildFile; fileRef = 63F757331DCFCB68009D3AD2 /* instructions_3.png */; };
		63F757391DCFCB68009D3AD2 /* instructions_4.png in Resources */ = {isa = PBXBuildFile; fileRef = 63F757341DCFCB68009D3AD2 /* instructions_4.png */; };
		63F7573A1DCFCB68009D3AD2 /* instructions_5.png in Resources */ = {isa = PBXBuildFile; fileRef = 63F757351DCFCB68009D3AD2 /* instructions_5.png */; };
		63FBA3961DCFE9DD00CEF3DD /* Default-568h@2x.png in Resources */ = {isa = PBXBuildFile; fileRef = 63FBA3931DCFE9DD00CEF3DD /* Default-568h@2x.png */; };
		63FBA3971DCFE9DD00CEF3DD /* Default@.png in Resources */ = {isa = PBXBuildFile; fileRef = 63FBA3941DCFE9DD00CEF3DD /* Default@.png */; };
		63FBA3981DCFE9DD00CEF3DD /* Default@2x.png in Resources */ = {isa = PBXBuildFile; fileRef = 63FBA3951DCFE9DD00CEF3DD /* Default@2x.png */; };
		6CACD5511C48BC69DF836A1C /* libPods-SealAppTests.a in Frameworks */ = {isa = PBXBuildFile; fileRef = 7F2A809E1BEF957E2F19788A /* libPods-SealAppTests.a */; };
/* End PBXBuildFile section */

/* Begin PBXContainerItemProxy section */
		63EBD39B1D6205EE0005BC26 /* PBXContainerItemProxy */ = {
			isa = PBXContainerItemProxy;
			containerPortal = 63EBD3761D6205EE0005BC26 /* Project object */;
			proxyType = 1;
			remoteGlobalIDString = 63EBD37D1D6205EE0005BC26;
			remoteInfo = SealApp;
		};
		63EBD3A61D6205EE0005BC26 /* PBXContainerItemProxy */ = {
			isa = PBXContainerItemProxy;
			containerPortal = 63EBD3761D6205EE0005BC26 /* Project object */;
			proxyType = 1;
			remoteGlobalIDString = 63EBD37D1D6205EE0005BC26;
			remoteInfo = SealApp;
		};
/* End PBXContainerItemProxy section */

/* Begin PBXFileReference section */
		1947E1376B82D35AC799478D /* libPods-SealApp.a */ = {isa = PBXFileReference; explicitFileType = archive.ar; includeInIndex = 0; path = "libPods-SealApp.a"; sourceTree = BUILT_PRODUCTS_DIR; };
		51F8E4C7A0DA9EE09F306BB8 /* Pods-SealAppTests.debug.xcconfig */ = {isa = PBXFileReference; includeInIndex = 1; lastKnownFileType = text.xcconfig; name = "Pods-SealAppTests.debug.xcconfig"; path = "Pods/Target Support Files/Pods-SealAppTests/Pods-SealAppTests.debug.xcconfig"; sourceTree = "<group>"; };
		6139E2C48A4359CDD38777E6 /* Pods-SealAppTests.release.xcconfig */ = {isa = PBXFileReference; includeInIndex = 1; lastKnownFileType = text.xcconfig; name = "Pods-SealAppTests.release.xcconfig"; path = "Pods/Target Support Files/Pods-SealAppTests/Pods-SealAppTests.release.xcconfig"; sourceTree = "<group>"; };
		632E57EC1D6789C900B7FC6A /* templateLibrary.h */ = {isa = PBXFileReference; fileEncoding = 4; lastKnownFileType = sourcecode.c.h; path = templateLibrary.h; sourceTree = "<group>"; };
		632E57ED1D6789C900B7FC6A /* templateLibrary.m */ = {isa = PBXFileReference; fileEncoding = 4; lastKnownFileType = sourcecode.c.objc; path = templateLibrary.m; sourceTree = "<group>"; };
		632E57EF1D679C3A00B7FC6A /* itemStructure.h */ = {isa = PBXFileReference; fileEncoding = 4; lastKnownFileType = sourcecode.c.h; path = itemStructure.h; sourceTree = "<group>"; };
		632E57F01D679C3A00B7FC6A /* itemStructure.m */ = {isa = PBXFileReference; fileEncoding = 4; lastKnownFileType = sourcecode.c.objc; path = itemStructure.m; sourceTree = "<group>"; };
		632E57F21D67AB6000B7FC6A /* scopeLayout.html */ = {isa = PBXFileReference; fileEncoding = 4; lastKnownFileType = text.html; path = scopeLayout.html; sourceTree = "<group>"; };
		6343E2A91D62540B009C1DB0 /* CreateProfile.h */ = {isa = PBXFileReference; fileEncoding = 4; lastKnownFileType = sourcecode.c.h; path = CreateProfile.h; sourceTree = "<group>"; };
		6343E2AA1D62540B009C1DB0 /* CreateProfile.m */ = {isa = PBXFileReference; fileEncoding = 4; lastKnownFileType = sourcecode.c.objc; path = CreateProfile.m; sourceTree = "<group>"; };
		6343E2AD1D625FC1009C1DB0 /* SettingsViewController.h */ = {isa = PBXFileReference; fileEncoding = 4; lastKnownFileType = sourcecode.c.h; path = SettingsViewController.h; sourceTree = "<group>"; };
		6343E2AE1D625FC1009C1DB0 /* SettingsViewController.m */ = {isa = PBXFileReference; fileEncoding = 4; lastKnownFileType = sourcecode.c.objc; path = SettingsViewController.m; sourceTree = "<group>"; };
		6343E2B01D626183009C1DB0 /* UILib.h */ = {isa = PBXFileReference; fileEncoding = 4; lastKnownFileType = sourcecode.c.h; path = UILib.h; sourceTree = "<group>"; };
		6343E2B11D626183009C1DB0 /* UILib.m */ = {isa = PBXFileReference; fileEncoding = 4; lastKnownFileType = sourcecode.c.objc; path = UILib.m; sourceTree = "<group>"; };
		6343E2B41D627F8D009C1DB0 /* PrivacySettingsViewController.h */ = {isa = PBXFileReference; fileEncoding = 4; lastKnownFileType = sourcecode.c.h; path = PrivacySettingsViewController.h; sourceTree = "<group>"; };
		6343E2B51D627F8D009C1DB0 /* PrivacySettingsViewController.m */ = {isa = PBXFileReference; fileEncoding = 4; lastKnownFileType = sourcecode.c.objc; path = PrivacySettingsViewController.m; sourceTree = "<group>"; };
		6343E2B71D627FB3009C1DB0 /* privacyPolicy.rtf */ = {isa = PBXFileReference; fileEncoding = 4; lastKnownFileType = text.rtf; path = privacyPolicy.rtf; sourceTree = "<group>"; };
		6343E2B81D627FB3009C1DB0 /* termsOfService.rtf */ = {isa = PBXFileReference; fileEncoding = 4; lastKnownFileType = text.rtf; path = termsOfService.rtf; sourceTree = "<group>"; };
		6343E2BC1D628846009C1DB0 /* sealBlock.h */ = {isa = PBXFileReference; fileEncoding = 4; lastKnownFileType = sourcecode.c.h; path = sealBlock.h; sourceTree = "<group>"; };
		6343E2BD1D628846009C1DB0 /* sealBlock.m */ = {isa = PBXFileReference; fileEncoding = 4; lastKnownFileType = sourcecode.c.objc; path = sealBlock.m; sourceTree = "<group>"; };
		6343E2BE1D628846009C1DB0 /* sealCellTableViewCell.h */ = {isa = PBXFileReference; fileEncoding = 4; lastKnownFileType = sourcecode.c.h; path = sealCellTableViewCell.h; sourceTree = "<group>"; };
		6343E2BF1D628846009C1DB0 /* sealCellTableViewCell.m */ = {isa = PBXFileReference; fileEncoding = 4; lastKnownFileType = sourcecode.c.objc; path = sealCellTableViewCell.m; sourceTree = "<group>"; };
		6343E2C21D628999009C1DB0 /* SealObject.h */ = {isa = PBXFileReference; fileEncoding = 4; lastKnownFileType = sourcecode.c.h; path = SealObject.h; sourceTree = "<group>"; };
		6343E2C31D628999009C1DB0 /* SealObject.m */ = {isa = PBXFileReference; fileEncoding = 4; lastKnownFileType = sourcecode.c.objc; path = SealObject.m; sourceTree = "<group>"; };
		635872D01D64B212000E99FB /* SendSealViewController.h */ = {isa = PBXFileReference; fileEncoding = 4; lastKnownFileType = sourcecode.c.h; path = SendSealViewController.h; sourceTree = "<group>"; };
		635872D11D64B212000E99FB /* SendSealViewController.m */ = {isa = PBXFileReference; fileEncoding = 4; lastKnownFileType = sourcecode.c.objc; path = SendSealViewController.m; sourceTree = "<group>"; };
		635872D31D64B2D6000E99FB /* LayoutEmail.h */ = {isa = PBXFileReference; fileEncoding = 4; lastKnownFileType = sourcecode.c.h; path = LayoutEmail.h; sourceTree = "<group>"; };
		635872D41D64B2D6000E99FB /* LayoutEmail.m */ = {isa = PBXFileReference; fileEncoding = 4; lastKnownFileType = sourcecode.c.objc; path = LayoutEmail.m; sourceTree = "<group>"; };
		635872D71D64BC76000E99FB /* recipientsLayout.html */ = {isa = PBXFileReference; fileEncoding = 4; lastKnownFileType = text.html; path = recipientsLayout.html; sourceTree = "<group>"; };
		635872D81D64BC76000E99FB /* valueLayout.html */ = {isa = PBXFileReference; fileEncoding = 4; lastKnownFileType = text.html; path = valueLayout.html; sourceTree = "<group>"; };
		635872D91D64BC76000E99FB /* emailLayout.html */ = {isa = PBXFileReference; fileEncoding = 4; lastKnownFileType = text.html; path = emailLayout.html; sourceTree = "<group>"; };
		638991741D6BC7E600109ABA /* timeLayout.html */ = {isa = PBXFileReference; fileEncoding = 4; lastKnownFileType = text.html; path = timeLayout.html; sourceTree = "<group>"; };
		638991781D6D005100109ABA /* termLayout.html */ = {isa = PBXFileReference; fileEncoding = 4; lastKnownFileType = text.html; path = termLayout.html; sourceTree = "<group>"; };
		638AABA01DCFE28400ACF267 /* background_pattern.png */ = {isa = PBXFileReference; lastKnownFileType = image.png; path = background_pattern.png; sourceTree = "<group>"; };
		638AABA41DCFE7C600ACF267 /* Default-667h@2x.png */ = {isa = PBXFileReference; lastKnownFileType = image.png; path = "Default-667h@2x.png"; sourceTree = "<group>"; };
		638AABA51DCFE7C600ACF267 /* Default-736h@3x.png */ = {isa = PBXFileReference; lastKnownFileType = image.png; path = "Default-736h@3x.png"; sourceTree = "<group>"; };
		6391298D1DE50E7C0012C331 /* instructions_0.png */ = {isa = PBXFileReference; lastKnownFileType = image.png; path = instructions_0.png; sourceTree = "<group>"; };
		639A6B2E1D6F8653007357B0 /* create_normal.png */ = {isa = PBXFileReference; lastKnownFileType = image.png; path = create_normal.png; sourceTree = "<group>"; };
		639A6B2F1D6F8653007357B0 /* create_selected.png */ = {isa = PBXFileReference; lastKnownFileType = image.png; path = create_selected.png; sourceTree = "<group>"; };
		639A6B301D6F8653007357B0 /* save.png */ = {isa = PBXFileReference; lastKnownFileType = image.png; path = save.png; sourceTree = "<group>"; };
		639A6B311D6F8653007357B0 /* send.png */ = {isa = PBXFileReference; lastKnownFileType = image.png; path = send.png; sourceTree = "<group>"; };
		639A6B371D6F918F007357B0 /* profile_pic.png */ = {isa = PBXFileReference; lastKnownFileType = image.png; path = profile_pic.png; sourceTree = "<group>"; };
		639A6B381D6F918F007357B0 /* profile_pic_mask.png */ = {isa = PBXFileReference; lastKnownFileType = image.png; path = profile_pic_mask.png; sourceTree = "<group>"; };
		639A6B391D6F918F007357B0 /* profile_round_border.png */ = {isa = PBXFileReference; lastKnownFileType = image.png; path = profile_round_border.png; sourceTree = "<group>"; };
		63A536801D6D4FC100884D14 /* Colors.h */ = {isa = PBXFileReference; fileEncoding = 4; lastKnownFileType = sourcecode.c.h; path = Colors.h; sourceTree = "<group>"; };
		63A536811D6D4FC100884D14 /* Colors.m */ = {isa = PBXFileReference; fileEncoding = 4; lastKnownFileType = sourcecode.c.objc; path = Colors.m; sourceTree = "<group>"; };
		63A5369D1D6E441400884D14 /* confirm_normal.png */ = {isa = PBXFileReference; lastKnownFileType = image.png; path = confirm_normal.png; sourceTree = "<group>"; };
		63A5369E1D6E441400884D14 /* confirm_selected.png */ = {isa = PBXFileReference; lastKnownFileType = image.png; path = confirm_selected.png; sourceTree = "<group>"; };
		63A5369F1D6E441400884D14 /* delete.png */ = {isa = PBXFileReference; lastKnownFileType = image.png; path = delete.png; sourceTree = "<group>"; };
		63A536A01D6E441400884D14 /* library_normal.png */ = {isa = PBXFileReference; lastKnownFileType = image.png; path = library_normal.png; sourceTree = "<group>"; };
		63A536A11D6E441400884D14 /* library_selected.png */ = {isa = PBXFileReference; lastKnownFileType = image.png; path = library_selected.png; sourceTree = "<group>"; };
		63A536A21D6E441400884D14 /* profile_normal.png */ = {isa = PBXFileReference; lastKnownFileType = image.png; path = profile_normal.png; sourceTree = "<group>"; };
		63A536A31D6E441400884D14 /* profile_selected.png */ = {isa = PBXFileReference; lastKnownFileType = image.png; path = profile_selected.png; sourceTree = "<group>"; };
		63A536A41D6E441400884D14 /* settings_normal.png */ = {isa = PBXFileReference; lastKnownFileType = image.png; path = settings_normal.png; sourceTree = "<group>"; };
		63A536A51D6E441400884D14 /* settings_selected.png */ = {isa = PBXFileReference; lastKnownFileType = image.png; path = settings_selected.png; sourceTree = "<group>"; };
		63A536A61D6E441400884D14 /* terms_normal.png */ = {isa = PBXFileReference; lastKnownFileType = image.png; path = terms_normal.png; sourceTree = "<group>"; };
		63A536A71D6E441400884D14 /* terms_selected.png */ = {isa = PBXFileReference; lastKnownFileType = image.png; path = terms_selected.png; sourceTree = "<group>"; };
		63A536A81D6E441400884D14 /* time_normal.png */ = {isa = PBXFileReference; lastKnownFileType = image.png; path = time_normal.png; sourceTree = "<group>"; };
		63A536A91D6E441400884D14 /* time_selected.png */ = {isa = PBXFileReference; lastKnownFileType = image.png; path = time_selected.png; sourceTree = "<group>"; };
		63A536AA1D6E441400884D14 /* value_normal.png */ = {isa = PBXFileReference; lastKnownFileType = image.png; path = value_normal.png; sourceTree = "<group>"; };
		63A536AB1D6E441400884D14 /* value_selected.png */ = {isa = PBXFileReference; lastKnownFileType = image.png; path = value_selected.png; sourceTree = "<group>"; };
		63A536AC1D6E441400884D14 /* what_normal.png */ = {isa = PBXFileReference; lastKnownFileType = image.png; path = what_normal.png; sourceTree = "<group>"; };
		63A536AD1D6E441400884D14 /* what_selected.png */ = {isa = PBXFileReference; lastKnownFileType = image.png; path = what_selected.png; sourceTree = "<group>"; };
		63C0476F1DAA806400EFE174 /* app_icon_167_ipadpro.png */ = {isa = PBXFileReference; lastKnownFileType = image.png; path = app_icon_167_ipadpro.png; sourceTree = "<group>"; };
		63C047701DAA806400EFE174 /* icon-60@2x.png */ = {isa = PBXFileReference; lastKnownFileType = image.png; path = "icon-60@2x.png"; sourceTree = "<group>"; };
		63C047711DAA806400EFE174 /* icon-60@3x.png */ = {isa = PBXFileReference; lastKnownFileType = image.png; path = "icon-60@3x.png"; sourceTree = "<group>"; };
		63C047721DAA806400EFE174 /* Icon-76.png */ = {isa = PBXFileReference; lastKnownFileType = image.png; path = "Icon-76.png"; sourceTree = "<group>"; };
		63C047731DAA806400EFE174 /* Icon-76@2x.png */ = {isa = PBXFileReference; lastKnownFileType = image.png; path = "Icon-76@2x.png"; sourceTree = "<group>"; };
		63C047741DAA806400EFE174 /* Icon-Small-40.png */ = {isa = PBXFileReference; lastKnownFileType = image.png; path = "Icon-Small-40.png"; sourceTree = "<group>"; };
		63C047751DAA806400EFE174 /* Icon-Small-40@2x.png */ = {isa = PBXFileReference; lastKnownFileType = image.png; path = "Icon-Small-40@2x.png"; sourceTree = "<group>"; };
		63C047761DAA806400EFE174 /* Icon-Small-40@3x.png */ = {isa = PBXFileReference; lastKnownFileType = image.png; path = "Icon-Small-40@3x.png"; sourceTree = "<group>"; };
		63C047771DAA806400EFE174 /* Icon-Small.png */ = {isa = PBXFileReference; lastKnownFileType = image.png; path = "Icon-Small.png"; sourceTree = "<group>"; };
		63C047781DAA806400EFE174 /* Icon-Small@2x.png */ = {isa = PBXFileReference; lastKnownFileType = image.png; path = "Icon-Small@2x.png"; sourceTree = "<group>"; };
		63C047791DAA806400EFE174 /* Icon-Small@3x.png */ = {isa = PBXFileReference; lastKnownFileType = image.png; path = "Icon-Small@3x.png"; sourceTree = "<group>"; };
		63C0477A1DAA806400EFE174 /* seal_itunesArtwork.png */ = {isa = PBXFileReference; lastKnownFileType = image.png; path = seal_itunesArtwork.png; sourceTree = "<group>"; };
		63C0477B1DAA806400EFE174 /* seal_itunesArtwork@2x.png */ = {isa = PBXFileReference; lastKnownFileType = image.png; path = "seal_itunesArtwork@2x.png"; sourceTree = "<group>"; };
		63C0478C1DAA81FE00EFE174 /* logo.png */ = {isa = PBXFileReference; lastKnownFileType = image.png; path = logo.png; sourceTree = "<group>"; };
		63C0478E1DAA8DE000EFE174 /* add_from_library_normal.png */ = {isa = PBXFileReference; lastKnownFileType = image.png; path = add_from_library_normal.png; sourceTree = "<group>"; };
		63C0478F1DAA8DE000EFE174 /* add_from_library_selected.png */ = {isa = PBXFileReference; lastKnownFileType = image.png; path = add_from_library_selected.png; sourceTree = "<group>"; };
		63EBD37E1D6205EE0005BC26 /* SealApp.app */ = {isa = PBXFileReference; explicitFileType = wrapper.application; includeInIndex = 0; path = SealApp.app; sourceTree = BUILT_PRODUCTS_DIR; };
		63EBD3821D6205EE0005BC26 /* main.m */ = {isa = PBXFileReference; lastKnownFileType = sourcecode.c.objc; path = main.m; sourceTree = "<group>"; };
		63EBD3841D6205EE0005BC26 /* AppDelegate.h */ = {isa = PBXFileReference; lastKnownFileType = sourcecode.c.h; path = AppDelegate.h; sourceTree = "<group>"; };
		63EBD3851D6205EE0005BC26 /* AppDelegate.m */ = {isa = PBXFileReference; lastKnownFileType = sourcecode.c.objc; path = AppDelegate.m; sourceTree = "<group>"; };
		63EBD3871D6205EE0005BC26 /* StartViewController.h */ = {isa = PBXFileReference; lastKnownFileType = sourcecode.c.h; path = StartViewController.h; sourceTree = "<group>"; };
		63EBD3881D6205EE0005BC26 /* StartViewController.m */ = {isa = PBXFileReference; lastKnownFileType = sourcecode.c.objc; path = StartViewController.m; sourceTree = "<group>"; };
		63EBD38B1D6205EE0005BC26 /* Base */ = {isa = PBXFileReference; lastKnownFileType = file.storyboard; name = Base; path = Base.lproj/Main.storyboard; sourceTree = "<group>"; };
		63EBD38E1D6205EE0005BC26 /* SealApp.xcdatamodel */ = {isa = PBXFileReference; lastKnownFileType = wrapper.xcdatamodel; path = SealApp.xcdatamodel; sourceTree = "<group>"; };
		63EBD3901D6205EE0005BC26 /* Assets.xcassets */ = {isa = PBXFileReference; lastKnownFileType = folder.assetcatalog; path = Assets.xcassets; sourceTree = "<group>"; };
		63EBD3951D6205EE0005BC26 /* Info.plist */ = {isa = PBXFileReference; lastKnownFileType = text.plist.xml; path = Info.plist; sourceTree = "<group>"; };
		63EBD39A1D6205EE0005BC26 /* SealAppTests.xctest */ = {isa = PBXFileReference; explicitFileType = wrapper.cfbundle; includeInIndex = 0; path = SealAppTests.xctest; sourceTree = BUILT_PRODUCTS_DIR; };
		63EBD39E1D6205EE0005BC26 /* SealAppTests.m */ = {isa = PBXFileReference; lastKnownFileType = sourcecode.c.objc; path = SealAppTests.m; sourceTree = "<group>"; };
		63EBD3A01D6205EE0005BC26 /* Info.plist */ = {isa = PBXFileReference; lastKnownFileType = text.plist.xml; path = Info.plist; sourceTree = "<group>"; };
		63EBD3A51D6205EE0005BC26 /* SealAppUITests.xctest */ = {isa = PBXFileReference; explicitFileType = wrapper.cfbundle; includeInIndex = 0; path = SealAppUITests.xctest; sourceTree = BUILT_PRODUCTS_DIR; };
		63EBD3A91D6205EE0005BC26 /* SealAppUITests.m */ = {isa = PBXFileReference; lastKnownFileType = sourcecode.c.objc; path = SealAppUITests.m; sourceTree = "<group>"; };
		63EBD3AB1D6205EE0005BC26 /* Info.plist */ = {isa = PBXFileReference; lastKnownFileType = text.plist.xml; path = Info.plist; sourceTree = "<group>"; };
		63EBD3B71D620C390005BC26 /* HomePageController.h */ = {isa = PBXFileReference; fileEncoding = 4; lastKnownFileType = sourcecode.c.h; path = HomePageController.h; sourceTree = "<group>"; };
		63EBD3B81D620C390005BC26 /* HomePageController.m */ = {isa = PBXFileReference; fileEncoding = 4; lastKnownFileType = sourcecode.c.objc; path = HomePageController.m; sourceTree = "<group>"; };
		63EBD3BA1D620C4A0005BC26 /* IntroductionViewController.h */ = {isa = PBXFileReference; fileEncoding = 4; lastKnownFileType = sourcecode.c.h; path = IntroductionViewController.h; sourceTree = "<group>"; };
		63EBD3BB1D620C4A0005BC26 /* IntroductionViewController.m */ = {isa = PBXFileReference; fileEncoding = 4; lastKnownFileType = sourcecode.c.objc; path = IntroductionViewController.m; sourceTree = "<group>"; };
		63EBD3BF1D620EF80005BC26 /* SignInViewController.h */ = {isa = PBXFileReference; fileEncoding = 4; lastKnownFileType = sourcecode.c.h; path = SignInViewController.h; sourceTree = "<group>"; };
		63EBD3C01D620EF80005BC26 /* SignInViewController.m */ = {isa = PBXFileReference; fileEncoding = 4; lastKnownFileType = sourcecode.c.objc; path = SignInViewController.m; sourceTree = "<group>"; };
		63EBD3C61D6218B00005BC26 /* UserLogic.h */ = {isa = PBXFileReference; fileEncoding = 4; lastKnownFileType = sourcecode.c.h; path = UserLogic.h; sourceTree = "<group>"; };
		63EBD3C71D6218B00005BC26 /* UserLogic.m */ = {isa = PBXFileReference; fileEncoding = 4; lastKnownFileType = sourcecode.c.objc; path = UserLogic.m; sourceTree = "<group>"; };
		63EBD3C91D6219410005BC26 /* Bolts.framework */ = {isa = PBXFileReference; lastKnownFileType = wrapper.framework; path = Bolts.framework; sourceTree = "<group>"; };
		63EBD3CA1D6219410005BC26 /* Parse.framework */ = {isa = PBXFileReference; lastKnownFileType = wrapper.framework; path = Parse.framework; sourceTree = "<group>"; };
		63EBD3CE1D621ACA0005BC26 /* StoreKit.framework */ = {isa = PBXFileReference; lastKnownFileType = wrapper.framework; name = StoreKit.framework; path = System/Library/Frameworks/StoreKit.framework; sourceTree = SDKROOT; };
		63EBD3D01D621AD10005BC26 /* Security.framework */ = {isa = PBXFileReference; lastKnownFileType = wrapper.framework; name = Security.framework; path = System/Library/Frameworks/Security.framework; sourceTree = SDKROOT; };
		63EBD3D21D621AD70005BC26 /* QuartzCore.framework */ = {isa = PBXFileReference; lastKnownFileType = wrapper.framework; name = QuartzCore.framework; path = System/Library/Frameworks/QuartzCore.framework; sourceTree = SDKROOT; };
		63EBD3D41D621ADC0005BC26 /* CoreLocation.framework */ = {isa = PBXFileReference; lastKnownFileType = wrapper.framework; name = CoreLocation.framework; path = System/Library/Frameworks/CoreLocation.framework; sourceTree = SDKROOT; };
		63EBD3D61D621AE30005BC26 /* SystemConfiguration.framework */ = {isa = PBXFileReference; lastKnownFileType = wrapper.framework; name = SystemConfiguration.framework; path = System/Library/Frameworks/SystemConfiguration.framework; sourceTree = SDKROOT; };
		63EBD3D81D621AE80005BC26 /* CoreGraphics.framework */ = {isa = PBXFileReference; lastKnownFileType = wrapper.framework; name = CoreGraphics.framework; path = System/Library/Frameworks/CoreGraphics.framework; sourceTree = SDKROOT; };
		63EBD3DA1D621AEE0005BC26 /* CFNetwork.framework */ = {isa = PBXFileReference; lastKnownFileType = wrapper.framework; name = CFNetwork.framework; path = System/Library/Frameworks/CFNetwork.framework; sourceTree = SDKROOT; };
		63EBD3DC1D621AF50005BC26 /* AudioToolbox.framework */ = {isa = PBXFileReference; lastKnownFileType = wrapper.framework; name = AudioToolbox.framework; path = System/Library/Frameworks/AudioToolbox.framework; sourceTree = SDKROOT; };
		63EBD3DE1D621B210005BC26 /* libz.tbd */ = {isa = PBXFileReference; lastKnownFileType = "sourcecode.text-based-dylib-definition"; name = libz.tbd; path = usr/lib/libz.tbd; sourceTree = SDKROOT; };
		63EBD3E01D621B2F0005BC26 /* libsqlite3.0.tbd */ = {isa = PBXFileReference; lastKnownFileType = "sourcecode.text-based-dylib-definition"; name = libsqlite3.0.tbd; path = usr/lib/libsqlite3.0.tbd; sourceTree = SDKROOT; };
		63F757311DCFCB68009D3AD2 /* instructions_1.png */ = {isa = PBXFileReference; lastKnownFileType = image.png; path = instructions_1.png; sourceTree = "<group>"; };
		63F757321DCFCB68009D3AD2 /* instructions_2.png */ = {isa = PBXFileReference; lastKnownFileType = image.png; path = instructions_2.png; sourceTree = "<group>"; };
		63F757331DCFCB68009D3AD2 /* instructions_3.png */ = {isa = PBXFileReference; lastKnownFileType = image.png; path = instructions_3.png; sourceTree = "<group>"; };
		63F757341DCFCB68009D3AD2 /* instructions_4.png */ = {isa = PBXFileReference; lastKnownFileType = image.png; path = instructions_4.png; sourceTree = "<group>"; };
		63F757351DCFCB68009D3AD2 /* instructions_5.png */ = {isa = PBXFileReference; lastKnownFileType = image.png; path = instructions_5.png; sourceTree = "<group>"; };
		63FBA3931DCFE9DD00CEF3DD /* Default-568h@2x.png */ = {isa = PBXFileReference; lastKnownFileType = image.png; path = "Default-568h@2x.png"; sourceTree = "<group>"; };
		63FBA3941DCFE9DD00CEF3DD /* Default@.png */ = {isa = PBXFileReference; lastKnownFileType = image.png; path = "Default@.png"; sourceTree = "<group>"; };
		63FBA3951DCFE9DD00CEF3DD /* Default@2x.png */ = {isa = PBXFileReference; lastKnownFileType = image.png; path = "Default@2x.png"; sourceTree = "<group>"; };
		7F2A809E1BEF957E2F19788A /* libPods-SealAppTests.a */ = {isa = PBXFileReference; explicitFileType = archive.ar; includeInIndex = 0; path = "libPods-SealAppTests.a"; sourceTree = BUILT_PRODUCTS_DIR; };
		BEEC4C700219A2361C01D924 /* Pods-SealApp.release.xcconfig */ = {isa = PBXFileReference; includeInIndex = 1; lastKnownFileType = text.xcconfig; name = "Pods-SealApp.release.xcconfig"; path = "Pods/Target Support Files/Pods-SealApp/Pods-SealApp.release.xcconfig"; sourceTree = "<group>"; };
		D13D51837983299F5EC80646 /* Pods-SealAppUITests.debug.xcconfig */ = {isa = PBXFileReference; includeInIndex = 1; lastKnownFileType = text.xcconfig; name = "Pods-SealAppUITests.debug.xcconfig"; path = "Pods/Target Support Files/Pods-SealAppUITests/Pods-SealAppUITests.debug.xcconfig"; sourceTree = "<group>"; };
		DF3E2928E5F264FEC925F559 /* libPods-SealAppUITests.a */ = {isa = PBXFileReference; explicitFileType = archive.ar; includeInIndex = 0; path = "libPods-SealAppUITests.a"; sourceTree = BUILT_PRODUCTS_DIR; };
		E22E2765E2616647DF4A1A5D /* Pods-SealAppUITests.release.xcconfig */ = {isa = PBXFileReference; includeInIndex = 1; lastKnownFileType = text.xcconfig; name = "Pods-SealAppUITests.release.xcconfig"; path = "Pods/Target Support Files/Pods-SealAppUITests/Pods-SealAppUITests.release.xcconfig"; sourceTree = "<group>"; };
		E7ECD0125430B6B02A74AB2F /* Pods-SealApp.debug.xcconfig */ = {isa = PBXFileReference; includeInIndex = 1; lastKnownFileType = text.xcconfig; name = "Pods-SealApp.debug.xcconfig"; path = "Pods/Target Support Files/Pods-SealApp/Pods-SealApp.debug.xcconfig"; sourceTree = "<group>"; };
/* End PBXFileReference section */

/* Begin PBXFrameworksBuildPhase section */
		63EBD37B1D6205EE0005BC26 /* Frameworks */ = {
			isa = PBXFrameworksBuildPhase;
			buildActionMask = 2147483647;
			files = (
				63EBD3E11D621B2F0005BC26 /* libsqlite3.0.tbd in Frameworks */,
				63EBD3DF1D621B210005BC26 /* libz.tbd in Frameworks */,
				63EBD3DD1D621AF50005BC26 /* AudioToolbox.framework in Frameworks */,
				63EBD3DB1D621AEE0005BC26 /* CFNetwork.framework in Frameworks */,
				63EBD3D91D621AE80005BC26 /* CoreGraphics.framework in Frameworks */,
				63EBD3D71D621AE30005BC26 /* SystemConfiguration.framework in Frameworks */,
				63EBD3D51D621ADC0005BC26 /* CoreLocation.framework in Frameworks */,
				63EBD3D31D621AD70005BC26 /* QuartzCore.framework in Frameworks */,
				63EBD3D11D621AD10005BC26 /* Security.framework in Frameworks */,
				63EBD3CF1D621ACA0005BC26 /* StoreKit.framework in Frameworks */,
				63EBD3CC1D6219410005BC26 /* Parse.framework in Frameworks */,
				63EBD3CB1D6219410005BC26 /* Bolts.framework in Frameworks */,
			);
			runOnlyForDeploymentPostprocessing = 0;
		};
		63EBD3971D6205EE0005BC26 /* Frameworks */ = {
			isa = PBXFrameworksBuildPhase;
			buildActionMask = 2147483647;
			files = (
				6CACD5511C48BC69DF836A1C /* libPods-SealAppTests.a in Frameworks */,
			);
			runOnlyForDeploymentPostprocessing = 0;
		};
		63EBD3A21D6205EE0005BC26 /* Frameworks */ = {
			isa = PBXFrameworksBuildPhase;
			buildActionMask = 2147483647;
			files = (
				2E0115115C7959D62D14BAD0 /* libPods-SealAppUITests.a in Frameworks */,
			);
			runOnlyForDeploymentPostprocessing = 0;
		};
/* End PBXFrameworksBuildPhase section */

/* Begin PBXGroup section */
		6343E2AC1D625428009C1DB0 /* logginin */ = {
			isa = PBXGroup;
			children = (
				63EBD3BA1D620C4A0005BC26 /* IntroductionViewController.h */,
				63EBD3BB1D620C4A0005BC26 /* IntroductionViewController.m */,
				63EBD3BF1D620EF80005BC26 /* SignInViewController.h */,
				63EBD3C01D620EF80005BC26 /* SignInViewController.m */,
				6343E2A91D62540B009C1DB0 /* CreateProfile.h */,
				6343E2AA1D62540B009C1DB0 /* CreateProfile.m */,
			);
			name = logginin;
			sourceTree = "<group>";
		};
		6343E2B31D627EBA009C1DB0 /* Settings */ = {
			isa = PBXGroup;
			children = (
				6343E2AD1D625FC1009C1DB0 /* SettingsViewController.h */,
				6343E2AE1D625FC1009C1DB0 /* SettingsViewController.m */,
				6343E2B41D627F8D009C1DB0 /* PrivacySettingsViewController.h */,
				6343E2B51D627F8D009C1DB0 /* PrivacySettingsViewController.m */,
			);
			name = Settings;
			sourceTree = "<group>";
		};
		6343E2BB1D628832009C1DB0 /* blocks */ = {
			isa = PBXGroup;
			children = (
				6343E2BC1D628846009C1DB0 /* sealBlock.h */,
				6343E2BD1D628846009C1DB0 /* sealBlock.m */,
				6343E2BE1D628846009C1DB0 /* sealCellTableViewCell.h */,
				6343E2BF1D628846009C1DB0 /* sealCellTableViewCell.m */,
				632E57EF1D679C3A00B7FC6A /* itemStructure.h */,
				632E57F01D679C3A00B7FC6A /* itemStructure.m */,
			);
			name = blocks;
			sourceTree = "<group>";
		};
		635872DE1D64BC7B000E99FB /* content */ = {
			isa = PBXGroup;
			children = (
				63A536991D6E441400884D14 /* Graphics */,
				638991781D6D005100109ABA /* termLayout.html */,
				638991741D6BC7E600109ABA /* timeLayout.html */,
				635872D81D64BC76000E99FB /* valueLayout.html */,
				632E57F21D67AB6000B7FC6A /* scopeLayout.html */,
				635872D71D64BC76000E99FB /* recipientsLayout.html */,
				635872D91D64BC76000E99FB /* emailLayout.html */,
				6343E2B71D627FB3009C1DB0 /* privacyPolicy.rtf */,
				6343E2B81D627FB3009C1DB0 /* termsOfService.rtf */,
			);
			name = content;
			sourceTree = "<group>";
		};
		638AABA21DCFE7C600ACF267 /* LaunchImage */ = {
			isa = PBXGroup;
			children = (
				63FBA3941DCFE9DD00CEF3DD /* Default@.png */,
				63FBA3931DCFE9DD00CEF3DD /* Default-568h@2x.png */,
				63FBA3951DCFE9DD00CEF3DD /* Default@2x.png */,
				638AABA41DCFE7C600ACF267 /* Default-667h@2x.png */,
				638AABA51DCFE7C600ACF267 /* Default-736h@3x.png */,
			);
			path = LaunchImage;
			sourceTree = "<group>";
		};
		639A6B361D6F918F007357B0 /* Profile */ = {
			isa = PBXGroup;
			children = (
				639A6B371D6F918F007357B0 /* profile_pic.png */,
				639A6B381D6F918F007357B0 /* profile_pic_mask.png */,
				639A6B391D6F918F007357B0 /* profile_round_border.png */,
			);
			path = Profile;
			sourceTree = "<group>";
		};
		63A536991D6E441400884D14 /* Graphics */ = {
			isa = PBXGroup;
			children = (
				638AABA21DCFE7C600ACF267 /* LaunchImage */,
				63F757301DCFCB68009D3AD2 /* intro */,
				63C047891DAA81D600EFE174 /* Launchscreen */,
				63C0476E1DAA806400EFE174 /* seal_appicon */,
				639A6B361D6F918F007357B0 /* Profile */,
				63A5369A1D6E441400884D14 /* Background_image */,
				63A5369C1D6E441400884D14 /* UIButtonsImages */,
			);
			path = Graphics;
			sourceTree = "<group>";
		};
		63A5369A1D6E441400884D14 /* Background_image */ = {
			isa = PBXGroup;
			children = (
				638AABA01DCFE28400ACF267 /* background_pattern.png */,
			);
			path = Background_image;
			sourceTree = "<group>";
		};
		63A5369C1D6E441400884D14 /* UIButtonsImages */ = {
			isa = PBXGroup;
			children = (
				63C0478E1DAA8DE000EFE174 /* add_from_library_normal.png */,
				63C0478F1DAA8DE000EFE174 /* add_from_library_selected.png */,
				639A6B2E1D6F8653007357B0 /* create_normal.png */,
				639A6B2F1D6F8653007357B0 /* create_selected.png */,
				639A6B301D6F8653007357B0 /* save.png */,
				639A6B311D6F8653007357B0 /* send.png */,
				63A5369D1D6E441400884D14 /* confirm_normal.png */,
				63A5369E1D6E441400884D14 /* confirm_selected.png */,
				63A5369F1D6E441400884D14 /* delete.png */,
				63A536A01D6E441400884D14 /* library_normal.png */,
				63A536A11D6E441400884D14 /* library_selected.png */,
				63A536A21D6E441400884D14 /* profile_normal.png */,
				63A536A31D6E441400884D14 /* profile_selected.png */,
				63A536A41D6E441400884D14 /* settings_normal.png */,
				63A536A51D6E441400884D14 /* settings_selected.png */,
				63A536A61D6E441400884D14 /* terms_normal.png */,
				63A536A71D6E441400884D14 /* terms_selected.png */,
				63A536A81D6E441400884D14 /* time_normal.png */,
				63A536A91D6E441400884D14 /* time_selected.png */,
				63A536AA1D6E441400884D14 /* value_normal.png */,
				63A536AB1D6E441400884D14 /* value_selected.png */,
				63A536AC1D6E441400884D14 /* what_normal.png */,
				63A536AD1D6E441400884D14 /* what_selected.png */,
			);
			path = UIButtonsImages;
			sourceTree = "<group>";
		};
		63C0476E1DAA806400EFE174 /* seal_appicon */ = {
			isa = PBXGroup;
			children = (
				63C0476F1DAA806400EFE174 /* app_icon_167_ipadpro.png */,
				63C047701DAA806400EFE174 /* icon-60@2x.png */,
				63C047711DAA806400EFE174 /* icon-60@3x.png */,
				63C047721DAA806400EFE174 /* Icon-76.png */,
				63C047731DAA806400EFE174 /* Icon-76@2x.png */,
				63C047741DAA806400EFE174 /* Icon-Small-40.png */,
				63C047751DAA806400EFE174 /* Icon-Small-40@2x.png */,
				63C047761DAA806400EFE174 /* Icon-Small-40@3x.png */,
				63C047771DAA806400EFE174 /* Icon-Small.png */,
				63C047781DAA806400EFE174 /* Icon-Small@2x.png */,
				63C047791DAA806400EFE174 /* Icon-Small@3x.png */,
				63C0477A1DAA806400EFE174 /* seal_itunesArtwork.png */,
				63C0477B1DAA806400EFE174 /* seal_itunesArtwork@2x.png */,
			);
			path = seal_appicon;
			sourceTree = "<group>";
		};
		63C047891DAA81D600EFE174 /* Launchscreen */ = {
			isa = PBXGroup;
			children = (
				63C0478C1DAA81FE00EFE174 /* logo.png */,
			);
			name = Launchscreen;
			sourceTree = "<group>";
		};
		63EBD3751D6205EE0005BC26 = {
			isa = PBXGroup;
			children = (
				635872DE1D64BC7B000E99FB /* content */,
				63EBD3CD1D621A4D0005BC26 /* AddedFrameWorks */,
				63EBD3801D6205EE0005BC26 /* SealApp */,
				63EBD39D1D6205EE0005BC26 /* SealAppTests */,
				63EBD3A81D6205EE0005BC26 /* SealAppUITests */,
				63EBD37F1D6205EE0005BC26 /* Products */,
				EA3DB82A60F9BBADA6FEEBE5 /* Pods */,
				7F47B3AB4692E870CCE1F353 /* Frameworks */,
			);
			sourceTree = "<group>";
		};
		63EBD37F1D6205EE0005BC26 /* Products */ = {
			isa = PBXGroup;
			children = (
				63EBD37E1D6205EE0005BC26 /* SealApp.app */,
				63EBD39A1D6205EE0005BC26 /* SealAppTests.xctest */,
				63EBD3A51D6205EE0005BC26 /* SealAppUITests.xctest */,
			);
			name = Products;
			sourceTree = "<group>";
		};
		63EBD3801D6205EE0005BC26 /* SealApp */ = {
			isa = PBXGroup;
			children = (
				632E57EC1D6789C900B7FC6A /* templateLibrary.h */,
				632E57ED1D6789C900B7FC6A /* templateLibrary.m */,
				63EBD3BE1D620D500005BC26 /* Classes */,
				63EBD3841D6205EE0005BC26 /* AppDelegate.h */,
				63EBD3851D6205EE0005BC26 /* AppDelegate.m */,
				63EBD3BD1D620D1A0005BC26 /* VCs */,
				63EBD38A1D6205EE0005BC26 /* Main.storyboard */,
				63EBD3901D6205EE0005BC26 /* Assets.xcassets */,
				63EBD3951D6205EE0005BC26 /* Info.plist */,
				63EBD38D1D6205EE0005BC26 /* SealApp.xcdatamodeld */,
				63EBD3811D6205EE0005BC26 /* Supporting Files */,
			);
			path = SealApp;
			sourceTree = "<group>";
		};
		63EBD3811D6205EE0005BC26 /* Supporting Files */ = {
			isa = PBXGroup;
			children = (
				63EBD3821D6205EE0005BC26 /* main.m */,
			);
			name = "Supporting Files";
			sourceTree = "<group>";
		};
		63EBD39D1D6205EE0005BC26 /* SealAppTests */ = {
			isa = PBXGroup;
			children = (
				63EBD39E1D6205EE0005BC26 /* SealAppTests.m */,
				63EBD3A01D6205EE0005BC26 /* Info.plist */,
			);
			path = SealAppTests;
			sourceTree = "<group>";
		};
		63EBD3A81D6205EE0005BC26 /* SealAppUITests */ = {
			isa = PBXGroup;
			children = (
				63EBD3A91D6205EE0005BC26 /* SealAppUITests.m */,
				63EBD3AB1D6205EE0005BC26 /* Info.plist */,
			);
			path = SealAppUITests;
			sourceTree = "<group>";
		};
		63EBD3BD1D620D1A0005BC26 /* VCs */ = {
			isa = PBXGroup;
			children = (
				63EBD3871D6205EE0005BC26 /* StartViewController.h */,
				63EBD3881D6205EE0005BC26 /* StartViewController.m */,
				63EBD3B71D620C390005BC26 /* HomePageController.h */,
				63EBD3B81D620C390005BC26 /* HomePageController.m */,
				635872D01D64B212000E99FB /* SendSealViewController.h */,
				635872D11D64B212000E99FB /* SendSealViewController.m */,
				6343E2B31D627EBA009C1DB0 /* Settings */,
				6343E2AC1D625428009C1DB0 /* logginin */,
			);
			name = VCs;
			sourceTree = "<group>";
		};
		63EBD3BE1D620D500005BC26 /* Classes */ = {
			isa = PBXGroup;
			children = (
				63A536801D6D4FC100884D14 /* Colors.h */,
				63A536811D6D4FC100884D14 /* Colors.m */,
				6343E2BB1D628832009C1DB0 /* blocks */,
				635872D31D64B2D6000E99FB /* LayoutEmail.h */,
				635872D41D64B2D6000E99FB /* LayoutEmail.m */,
				6343E2C21D628999009C1DB0 /* SealObject.h */,
				6343E2C31D628999009C1DB0 /* SealObject.m */,
				63EBD3C61D6218B00005BC26 /* UserLogic.h */,
				63EBD3C71D6218B00005BC26 /* UserLogic.m */,
				6343E2B01D626183009C1DB0 /* UILib.h */,
				6343E2B11D626183009C1DB0 /* UILib.m */,
			);
			name = Classes;
			sourceTree = "<group>";
		};
		63EBD3CD1D621A4D0005BC26 /* AddedFrameWorks */ = {
			isa = PBXGroup;
			children = (
				63EBD3C91D6219410005BC26 /* Bolts.framework */,
				63EBD3CA1D6219410005BC26 /* Parse.framework */,
			);
			name = AddedFrameWorks;
			sourceTree = "<group>";
		};
		63F757301DCFCB68009D3AD2 /* intro */ = {
			isa = PBXGroup;
			children = (
				6391298D1DE50E7C0012C331 /* instructions_0.png */,
				63F757311DCFCB68009D3AD2 /* instructions_1.png */,
				63F757321DCFCB68009D3AD2 /* instructions_2.png */,
				63F757331DCFCB68009D3AD2 /* instructions_3.png */,
				63F757341DCFCB68009D3AD2 /* instructions_4.png */,
				63F757351DCFCB68009D3AD2 /* instructions_5.png */,
			);
			name = intro;
			path = Background_image/intro;
			sourceTree = "<group>";
		};
		7F47B3AB4692E870CCE1F353 /* Frameworks */ = {
			isa = PBXGroup;
			children = (
				63EBD3E01D621B2F0005BC26 /* libsqlite3.0.tbd */,
				63EBD3DE1D621B210005BC26 /* libz.tbd */,
				63EBD3DC1D621AF50005BC26 /* AudioToolbox.framework */,
				63EBD3DA1D621AEE0005BC26 /* CFNetwork.framework */,
				63EBD3D81D621AE80005BC26 /* CoreGraphics.framework */,
				63EBD3D61D621AE30005BC26 /* SystemConfiguration.framework */,
				63EBD3D41D621ADC0005BC26 /* CoreLocation.framework */,
				63EBD3D21D621AD70005BC26 /* QuartzCore.framework */,
				63EBD3D01D621AD10005BC26 /* Security.framework */,
				63EBD3CE1D621ACA0005BC26 /* StoreKit.framework */,
				1947E1376B82D35AC799478D /* libPods-SealApp.a */,
				7F2A809E1BEF957E2F19788A /* libPods-SealAppTests.a */,
				DF3E2928E5F264FEC925F559 /* libPods-SealAppUITests.a */,
			);
			name = Frameworks;
			sourceTree = "<group>";
		};
		EA3DB82A60F9BBADA6FEEBE5 /* Pods */ = {
			isa = PBXGroup;
			children = (
				E7ECD0125430B6B02A74AB2F /* Pods-SealApp.debug.xcconfig */,
				BEEC4C700219A2361C01D924 /* Pods-SealApp.release.xcconfig */,
				51F8E4C7A0DA9EE09F306BB8 /* Pods-SealAppTests.debug.xcconfig */,
				6139E2C48A4359CDD38777E6 /* Pods-SealAppTests.release.xcconfig */,
				D13D51837983299F5EC80646 /* Pods-SealAppUITests.debug.xcconfig */,
				E22E2765E2616647DF4A1A5D /* Pods-SealAppUITests.release.xcconfig */,
			);
			name = Pods;
			sourceTree = "<group>";
		};
/* End PBXGroup section */

/* Begin PBXNativeTarget section */
		63EBD37D1D6205EE0005BC26 /* SealApp */ = {
			isa = PBXNativeTarget;
			buildConfigurationList = 63EBD3AE1D6205EE0005BC26 /* Build configuration list for PBXNativeTarget "SealApp" */;
			buildPhases = (
				63EBD37A1D6205EE0005BC26 /* Sources */,
				63EBD37B1D6205EE0005BC26 /* Frameworks */,
				63EBD37C1D6205EE0005BC26 /* Resources */,
			);
			buildRules = (
			);
			dependencies = (
			);
			name = SealApp;
			productName = SealApp;
			productReference = 63EBD37E1D6205EE0005BC26 /* SealApp.app */;
			productType = "com.apple.product-type.application";
		};
		63EBD3991D6205EE0005BC26 /* SealAppTests */ = {
			isa = PBXNativeTarget;
			buildConfigurationList = 63EBD3B11D6205EE0005BC26 /* Build configuration list for PBXNativeTarget "SealAppTests" */;
			buildPhases = (
				4E2D8C95F488F7361F274DB1 /* [CP] Check Pods Manifest.lock */,
				63EBD3961D6205EE0005BC26 /* Sources */,
				63EBD3971D6205EE0005BC26 /* Frameworks */,
				63EBD3981D6205EE0005BC26 /* Resources */,
				61074B02A7233236ED2AACC7 /* [CP] Embed Pods Frameworks */,
				FE54D84D62EA05CC21E078D3 /* [CP] Copy Pods Resources */,
			);
			buildRules = (
			);
			dependencies = (
				63EBD39C1D6205EE0005BC26 /* PBXTargetDependency */,
			);
			name = SealAppTests;
			productName = SealAppTests;
			productReference = 63EBD39A1D6205EE0005BC26 /* SealAppTests.xctest */;
			productType = "com.apple.product-type.bundle.unit-test";
		};
		63EBD3A41D6205EE0005BC26 /* SealAppUITests */ = {
			isa = PBXNativeTarget;
			buildConfigurationList = 63EBD3B41D6205EE0005BC26 /* Build configuration list for PBXNativeTarget "SealAppUITests" */;
			buildPhases = (
				1AD7C1D566CDCFF56064D99F /* [CP] Check Pods Manifest.lock */,
				63EBD3A11D6205EE0005BC26 /* Sources */,
				63EBD3A21D6205EE0005BC26 /* Frameworks */,
				63EBD3A31D6205EE0005BC26 /* Resources */,
				637C430C8F23390C1A34AA42 /* [CP] Copy Pods Resources */,
			);
			buildRules = (
			);
			dependencies = (
				63EBD3A71D6205EE0005BC26 /* PBXTargetDependency */,
			);
			name = SealAppUITests;
			productName = SealAppUITests;
			productReference = 63EBD3A51D6205EE0005BC26 /* SealAppUITests.xctest */;
			productType = "com.apple.product-type.bundle.ui-testing";
		};
/* End PBXNativeTarget section */

/* Begin PBXProject section */
		63EBD3761D6205EE0005BC26 /* Project object */ = {
			isa = PBXProject;
			attributes = {
				LastUpgradeCheck = 0730;
				ORGANIZATIONNAME = Seal;
				TargetAttributes = {
					63EBD37D1D6205EE0005BC26 = {
						CreatedOnToolsVersion = 7.3;
						DevelopmentTeam = Z6M2R7NZ99;
					};
					63EBD3991D6205EE0005BC26 = {
						CreatedOnToolsVersion = 7.3;
						TestTargetID = 63EBD37D1D6205EE0005BC26;
					};
					63EBD3A41D6205EE0005BC26 = {
						CreatedOnToolsVersion = 7.3;
						TestTargetID = 63EBD37D1D6205EE0005BC26;
					};
				};
			};
			buildConfigurationList = 63EBD3791D6205EE0005BC26 /* Build configuration list for PBXProject "SealApp" */;
			compatibilityVersion = "Xcode 3.2";
			developmentRegion = English;
			hasScannedForEncodings = 0;
			knownRegions = (
				en,
				Base,
			);
			mainGroup = 63EBD3751D6205EE0005BC26;
			productRefGroup = 63EBD37F1D6205EE0005BC26 /* Products */;
			projectDirPath = "";
			projectRoot = "";
			targets = (
				63EBD37D1D6205EE0005BC26 /* SealApp */,
				63EBD3991D6205EE0005BC26 /* SealAppTests */,
				63EBD3A41D6205EE0005BC26 /* SealAppUITests */,
			);
		};
/* End PBXProject section */

/* Begin PBXResourcesBuildPhase section */
		63EBD37C1D6205EE0005BC26 /* Resources */ = {
			isa = PBXResourcesBuildPhase;
			buildActionMask = 2147483647;
			files = (
				63A536BC1D6E441400884D14 /* value_normal.png in Resources */,
				63A536BD1D6E441400884D14 /* value_selected.png in Resources */,
				63C047821DAA806400EFE174 /* Icon-Small-40@2x.png in Resources */,
				635872DC1D64BC76000E99FB /* valueLayout.html in Resources */,
				63A536B71D6E441400884D14 /* settings_selected.png in Resources */,
				63C0478D1DAA81FE00EFE174 /* logo.png in Resources */,
				63A536B41D6E441400884D14 /* profile_normal.png in Resources */,
				6391298E1DE50E7C0012C331 /* instructions_0.png in Resources */,
				63A536B61D6E441400884D14 /* settings_normal.png in Resources */,
				63FBA3971DCFE9DD00CEF3DD /* Default@.png in Resources */,
				639A6B3A1D6F918F007357B0 /* profile_pic.png in Resources */,
				63FBA3981DCFE9DD00CEF3DD /* Default@2x.png in Resources */,
				63C047841DAA806400EFE174 /* Icon-Small.png in Resources */,
				63C0477E1DAA806400EFE174 /* icon-60@3x.png in Resources */,
				63C047911DAA8DE000EFE174 /* add_from_library_selected.png in Resources */,
				63C047881DAA806400EFE174 /* seal_itunesArtwork@2x.png in Resources */,
				63A536B11D6E441400884D14 /* delete.png in Resources */,
				63C047851DAA806400EFE174 /* Icon-Small@2x.png in Resources */,
				63C047861DAA806400EFE174 /* Icon-Small@3x.png in Resources */,
				63F757361DCFCB68009D3AD2 /* instructions_1.png in Resources */,
				639A6B331D6F8653007357B0 /* create_selected.png in Resources */,
				639A6B341D6F8653007357B0 /* save.png in Resources */,
				639A6B3C1D6F918F007357B0 /* profile_round_border.png in Resources */,
				6343E2B91D627FB3009C1DB0 /* privacyPolicy.rtf in Resources */,
				638AABA91DCFE7C600ACF267 /* Default-667h@2x.png in Resources */,
				638991751D6BC7E600109ABA /* timeLayout.html in Resources */,
				63F7573A1DCFCB68009D3AD2 /* instructions_5.png in Resources */,
				63A536B31D6E441400884D14 /* library_selected.png in Resources */,
				63C0477F1DAA806400EFE174 /* Icon-76.png in Resources */,
				639A6B351D6F8653007357B0 /* send.png in Resources */,
				63A536BA1D6E441400884D14 /* time_normal.png in Resources */,
				63A536BF1D6E441400884D14 /* what_selected.png in Resources */,
				638991791D6D005200109ABA /* termLayout.html in Resources */,
				63C0477C1DAA806400EFE174 /* app_icon_167_ipadpro.png in Resources */,
				63EBD3911D6205EE0005BC26 /* Assets.xcassets in Resources */,
				63EBD38C1D6205EE0005BC26 /* Main.storyboard in Resources */,
				63A536B21D6E441400884D14 /* library_normal.png in Resources */,
				639A6B321D6F8653007357B0 /* create_normal.png in Resources */,
				63F757391DCFCB68009D3AD2 /* instructions_4.png in Resources */,
				63C047871DAA806400EFE174 /* seal_itunesArtwork.png in Resources */,
				63A536B91D6E441400884D14 /* terms_selected.png in Resources */,
				63A536B51D6E441400884D14 /* profile_selected.png in Resources */,
				63C047831DAA806400EFE174 /* Icon-Small-40@3x.png in Resources */,
				63A536B81D6E441400884D14 /* terms_normal.png in Resources */,
				63C047811DAA806400EFE174 /* Icon-Small-40.png in Resources */,
				638AABAA1DCFE7C600ACF267 /* Default-736h@3x.png in Resources */,
				63A536AF1D6E441400884D14 /* confirm_normal.png in Resources */,
				63FBA3961DCFE9DD00CEF3DD /* Default-568h@2x.png in Resources */,
				63C047801DAA806400EFE174 /* Icon-76@2x.png in Resources */,
				63F757381DCFCB68009D3AD2 /* instructions_3.png in Resources */,
				635872DB1D64BC76000E99FB /* recipientsLayout.html in Resources */,
				63A536BB1D6E441400884D14 /* time_selected.png in Resources */,
				635872DD1D64BC76000E99FB /* emailLayout.html in Resources */,
				63A536BE1D6E441400884D14 /* what_normal.png in Resources */,
				639A6B3B1D6F918F007357B0 /* profile_pic_mask.png in Resources */,
				638AABA11DCFE28400ACF267 /* background_pattern.png in Resources */,
				63A536B01D6E441400884D14 /* confirm_selected.png in Resources */,
				632E57F31D67AB6000B7FC6A /* scopeLayout.html in Resources */,
				63F757371DCFCB68009D3AD2 /* instructions_2.png in Resources */,
				6343E2BA1D627FB3009C1DB0 /* termsOfService.rtf in Resources */,
				63C047901DAA8DE000EFE174 /* add_from_library_normal.png in Resources */,
				63C0477D1DAA806400EFE174 /* icon-60@2x.png in Resources */,
			);
			runOnlyForDeploymentPostprocessing = 0;
		};
		63EBD3981D6205EE0005BC26 /* Resources */ = {
			isa = PBXResourcesBuildPhase;
			buildActionMask = 2147483647;
			files = (
			);
			runOnlyForDeploymentPostprocessing = 0;
		};
		63EBD3A31D6205EE0005BC26 /* Resources */ = {
			isa = PBXResourcesBuildPhase;
			buildActionMask = 2147483647;
			files = (
			);
			runOnlyForDeploymentPostprocessing = 0;
		};
/* End PBXResourcesBuildPhase section */

/* Begin PBXShellScriptBuildPhase section */
		1AD7C1D566CDCFF56064D99F /* [CP] Check Pods Manifest.lock */ = {
			isa = PBXShellScriptBuildPhase;
			buildActionMask = 2147483647;
			files = (
			);
			inputPaths = (
			);
			name = "[CP] Check Pods Manifest.lock";
			outputPaths = (
			);
			runOnlyForDeploymentPostprocessing = 0;
			shellPath = /bin/sh;
			shellScript = "diff \"${PODS_ROOT}/../Podfile.lock\" \"${PODS_ROOT}/Manifest.lock\" > /dev/null\nif [[ $? != 0 ]] ; then\n    cat << EOM\nerror: The sandbox is not in sync with the Podfile.lock. Run 'pod install' or update your CocoaPods installation.\nEOM\n    exit 1\nfi\n";
			showEnvVarsInLog = 0;
		};
		4E2D8C95F488F7361F274DB1 /* [CP] Check Pods Manifest.lock */ = {
			isa = PBXShellScriptBuildPhase;
			buildActionMask = 2147483647;
			files = (
			);
			inputPaths = (
			);
			name = "[CP] Check Pods Manifest.lock";
			outputPaths = (
			);
			runOnlyForDeploymentPostprocessing = 0;
			shellPath = /bin/sh;
			shellScript = "diff \"${PODS_ROOT}/../Podfile.lock\" \"${PODS_ROOT}/Manifest.lock\" > /dev/null\nif [[ $? != 0 ]] ; then\n    cat << EOM\nerror: The sandbox is not in sync with the Podfile.lock. Run 'pod install' or update your CocoaPods installation.\nEOM\n    exit 1\nfi\n";
			showEnvVarsInLog = 0;
		};
		61074B02A7233236ED2AACC7 /* [CP] Embed Pods Frameworks */ = {
			isa = PBXShellScriptBuildPhase;
			buildActionMask = 2147483647;
			files = (
			);
			inputPaths = (
			);
			name = "[CP] Embed Pods Frameworks";
			outputPaths = (
			);
			runOnlyForDeploymentPostprocessing = 0;
			shellPath = /bin/sh;
			shellScript = "\"${SRCROOT}/Pods/Target Support Files/Pods-SealAppTests/Pods-SealAppTests-frameworks.sh\"\n";
			showEnvVarsInLog = 0;
		};
		637C430C8F23390C1A34AA42 /* [CP] Copy Pods Resources */ = {
			isa = PBXShellScriptBuildPhase;
			buildActionMask = 2147483647;
			files = (
			);
			inputPaths = (
			);
			name = "[CP] Copy Pods Resources";
			outputPaths = (
			);
			runOnlyForDeploymentPostprocessing = 0;
			shellPath = /bin/sh;
			shellScript = "\"${SRCROOT}/Pods/Target Support Files/Pods-SealAppUITests/Pods-SealAppUITests-resources.sh\"\n";
			showEnvVarsInLog = 0;
		};
		FE54D84D62EA05CC21E078D3 /* [CP] Copy Pods Resources */ = {
			isa = PBXShellScriptBuildPhase;
			buildActionMask = 2147483647;
			files = (
			);
			inputPaths = (
			);
			name = "[CP] Copy Pods Resources";
			outputPaths = (
			);
			runOnlyForDeploymentPostprocessing = 0;
			shellPath = /bin/sh;
			shellScript = "\"${SRCROOT}/Pods/Target Support Files/Pods-SealAppTests/Pods-SealAppTests-resources.sh\"\n";
			showEnvVarsInLog = 0;
		};
/* End PBXShellScriptBuildPhase section */

/* Begin PBXSourcesBuildPhase section */
		63EBD37A1D6205EE0005BC26 /* Sources */ = {
			isa = PBXSourcesBuildPhase;
			buildActionMask = 2147483647;
			files = (
				6343E2B61D627F8D009C1DB0 /* PrivacySettingsViewController.m in Sources */,
				632E57EE1D6789C900B7FC6A /* templateLibrary.m in Sources */,
				632E57F11D679C3A00B7FC6A /* itemStructure.m in Sources */,
				635872D21D64B212000E99FB /* SendSealViewController.m in Sources */,
				63EBD3C11D620EF80005BC26 /* SignInViewController.m in Sources */,
				63A536821D6D4FC100884D14 /* Colors.m in Sources */,
				6343E2C01D628846009C1DB0 /* sealBlock.m in Sources */,
				63EBD3891D6205EE0005BC26 /* StartViewController.m in Sources */,
				6343E2AF1D625FC1009C1DB0 /* SettingsViewController.m in Sources */,
				635872D51D64B2D6000E99FB /* LayoutEmail.m in Sources */,
				6343E2AB1D62540B009C1DB0 /* CreateProfile.m in Sources */,
				63EBD3B91D620C390005BC26 /* HomePageController.m in Sources */,
				63EBD3BC1D620C4A0005BC26 /* IntroductionViewController.m in Sources */,
				63EBD3C81D6218B00005BC26 /* UserLogic.m in Sources */,
				6343E2C11D628846009C1DB0 /* sealCellTableViewCell.m in Sources */,
				6343E2B21D626183009C1DB0 /* UILib.m in Sources */,
				63EBD3861D6205EE0005BC26 /* AppDelegate.m in Sources */,
				63EBD38F1D6205EE0005BC26 /* SealApp.xcdatamodeld in Sources */,
				6343E2C41D628999009C1DB0 /* SealObject.m in Sources */,
				63EBD3831D6205EE0005BC26 /* main.m in Sources */,
			);
			runOnlyForDeploymentPostprocessing = 0;
		};
		63EBD3961D6205EE0005BC26 /* Sources */ = {
			isa = PBXSourcesBuildPhase;
			buildActionMask = 2147483647;
			files = (
				63EBD39F1D6205EE0005BC26 /* SealAppTests.m in Sources */,
			);
			runOnlyForDeploymentPostprocessing = 0;
		};
		63EBD3A11D6205EE0005BC26 /* Sources */ = {
			isa = PBXSourcesBuildPhase;
			buildActionMask = 2147483647;
			files = (
				63EBD3AA1D6205EE0005BC26 /* SealAppUITests.m in Sources */,
			);
			runOnlyForDeploymentPostprocessing = 0;
		};
/* End PBXSourcesBuildPhase section */

/* Begin PBXTargetDependency section */
		63EBD39C1D6205EE0005BC26 /* PBXTargetDependency */ = {
			isa = PBXTargetDependency;
			target = 63EBD37D1D6205EE0005BC26 /* SealApp */;
			targetProxy = 63EBD39B1D6205EE0005BC26 /* PBXContainerItemProxy */;
		};
		63EBD3A71D6205EE0005BC26 /* PBXTargetDependency */ = {
			isa = PBXTargetDependency;
			target = 63EBD37D1D6205EE0005BC26 /* SealApp */;
			targetProxy = 63EBD3A61D6205EE0005BC26 /* PBXContainerItemProxy */;
		};
/* End PBXTargetDependency section */

/* Begin PBXVariantGroup section */
		63EBD38A1D6205EE0005BC26 /* Main.storyboard */ = {
			isa = PBXVariantGroup;
			children = (
				63EBD38B1D6205EE0005BC26 /* Base */,
			);
			name = Main.storyboard;
			sourceTree = "<group>";
		};
/* End PBXVariantGroup section */

/* Begin XCBuildConfiguration section */
		63EBD3AC1D6205EE0005BC26 /* Debug */ = {
			isa = XCBuildConfiguration;
			buildSettings = {
				ALWAYS_SEARCH_USER_PATHS = NO;
				CLANG_ANALYZER_NONNULL = YES;
				CLANG_CXX_LANGUAGE_STANDARD = "gnu++0x";
				CLANG_CXX_LIBRARY = "libc++";
				CLANG_ENABLE_MODULES = YES;
				CLANG_ENABLE_OBJC_ARC = YES;
				CLANG_WARN_BOOL_CONVERSION = YES;
				CLANG_WARN_CONSTANT_CONVERSION = YES;
				CLANG_WARN_DIRECT_OBJC_ISA_USAGE = YES_ERROR;
				CLANG_WARN_EMPTY_BODY = YES;
				CLANG_WARN_ENUM_CONVERSION = YES;
				CLANG_WARN_INT_CONVERSION = YES;
				CLANG_WARN_OBJC_ROOT_CLASS = YES_ERROR;
				CLANG_WARN_UNREACHABLE_CODE = YES;
				CLANG_WARN__DUPLICATE_METHOD_MATCH = YES;
				"CODE_SIGN_IDENTITY[sdk=iphoneos*]" = "iPhone Developer";
				COPY_PHASE_STRIP = NO;
				DEBUG_INFORMATION_FORMAT = dwarf;
				ENABLE_STRICT_OBJC_MSGSEND = YES;
				ENABLE_TESTABILITY = YES;
				GCC_C_LANGUAGE_STANDARD = gnu99;
				GCC_DYNAMIC_NO_PIC = NO;
				GCC_NO_COMMON_BLOCKS = YES;
				GCC_OPTIMIZATION_LEVEL = 0;
				GCC_PREPROCESSOR_DEFINITIONS = (
					"DEBUG=1",
					"$(inherited)",
				);
				GCC_WARN_64_TO_32_BIT_CONVERSION = YES;
				GCC_WARN_ABOUT_RETURN_TYPE = YES_ERROR;
				GCC_WARN_UNDECLARED_SELECTOR = YES;
				GCC_WARN_UNINITIALIZED_AUTOS = YES_AGGRESSIVE;
				GCC_WARN_UNUSED_FUNCTION = YES;
				GCC_WARN_UNUSED_VARIABLE = YES;
				IPHONEOS_DEPLOYMENT_TARGET = 8.0;
				MTL_ENABLE_DEBUG_INFO = YES;
				ONLY_ACTIVE_ARCH = YES;
				SDKROOT = iphoneos;
			};
			name = Debug;
		};
		63EBD3AD1D6205EE0005BC26 /* Release */ = {
			isa = XCBuildConfiguration;
			buildSettings = {
				ALWAYS_SEARCH_USER_PATHS = NO;
				CLANG_ANALYZER_NONNULL = YES;
				CLANG_CXX_LANGUAGE_STANDARD = "gnu++0x";
				CLANG_CXX_LIBRARY = "libc++";
				CLANG_ENABLE_MODULES = YES;
				CLANG_ENABLE_OBJC_ARC = YES;
				CLANG_WARN_BOOL_CONVERSION = YES;
				CLANG_WARN_CONSTANT_CONVERSION = YES;
				CLANG_WARN_DIRECT_OBJC_ISA_USAGE = YES_ERROR;
				CLANG_WARN_EMPTY_BODY = YES;
				CLANG_WARN_ENUM_CONVERSION = YES;
				CLANG_WARN_INT_CONVERSION = YES;
				CLANG_WARN_OBJC_ROOT_CLASS = YES_ERROR;
				CLANG_WARN_UNREACHABLE_CODE = YES;
				CLANG_WARN__DUPLICATE_METHOD_MATCH = YES;
				"CODE_SIGN_IDENTITY[sdk=iphoneos*]" = "iPhone Developer";
				COPY_PHASE_STRIP = NO;
				DEBUG_INFORMATION_FORMAT = "dwarf-with-dsym";
				ENABLE_NS_ASSERTIONS = NO;
				ENABLE_STRICT_OBJC_MSGSEND = YES;
				GCC_C_LANGUAGE_STANDARD = gnu99;
				GCC_NO_COMMON_BLOCKS = YES;
				GCC_WARN_64_TO_32_BIT_CONVERSION = YES;
				GCC_WARN_ABOUT_RETURN_TYPE = YES_ERROR;
				GCC_WARN_UNDECLARED_SELECTOR = YES;
				GCC_WARN_UNINITIALIZED_AUTOS = YES_AGGRESSIVE;
				GCC_WARN_UNUSED_FUNCTION = YES;
				GCC_WARN_UNUSED_VARIABLE = YES;
				IPHONEOS_DEPLOYMENT_TARGET = 8.0;
				MTL_ENABLE_DEBUG_INFO = NO;
				SDKROOT = iphoneos;
				VALIDATE_PRODUCT = YES;
			};
			name = Release;
		};
		63EBD3AF1D6205EE0005BC26 /* Debug */ = {
			isa = XCBuildConfiguration;
			baseConfigurationReference = E7ECD0125430B6B02A74AB2F /* Pods-SealApp.debug.xcconfig */;
			buildSettings = {
				ASSETCATALOG_COMPILER_APPICON_NAME = AppIcon;
				ASSETCATALOG_COMPILER_LAUNCHIMAGE_NAME = LaunchImage;
				CODE_SIGN_IDENTITY = "iPhone Developer";
				COMPRESS_PNG_FILES = YES;
				DEVELOPMENT_TEAM = Z6M2R7NZ99;
				FRAMEWORK_SEARCH_PATHS = (
					"$(inherited)",
					"$(PROJECT_DIR)",
				);
				INFOPLIST_FILE = SealApp/Info.plist;
				LD_RUNPATH_SEARCH_PATHS = "$(inherited) @executable_path/Frameworks";
				PRODUCT_BUNDLE_IDENTIFIER = onestudio.Seal;
				PRODUCT_NAME = "$(TARGET_NAME)";
			};
			name = Debug;
		};
		63EBD3B01D6205EE0005BC26 /* Release */ = {
			isa = XCBuildConfiguration;
			baseConfigurationReference = BEEC4C700219A2361C01D924 /* Pods-SealApp.release.xcconfig */;
			buildSettings = {
				ASSETCATALOG_COMPILER_APPICON_NAME = AppIcon;
				ASSETCATALOG_COMPILER_LAUNCHIMAGE_NAME = LaunchImage;
				CODE_SIGN_IDENTITY = "iPhone Developer";
				COMPRESS_PNG_FILES = YES;
				DEVELOPMENT_TEAM = Z6M2R7NZ99;
				FRAMEWORK_SEARCH_PATHS = (
					"$(inherited)",
					"$(PROJECT_DIR)",
				);
				INFOPLIST_FILE = SealApp/Info.plist;
				LD_RUNPATH_SEARCH_PATHS = "$(inherited) @executable_path/Frameworks";
				PRODUCT_BUNDLE_IDENTIFIER = onestudio.Seal;
				PRODUCT_NAME = "$(TARGET_NAME)";
			};
			name = Release;
		};
		63EBD3B21D6205EE0005BC26 /* Debug */ = {
			isa = XCBuildConfiguration;
			baseConfigurationReference = 51F8E4C7A0DA9EE09F306BB8 /* Pods-SealAppTests.debug.xcconfig */;
			buildSettings = {
				BUNDLE_LOADER = "$(TEST_HOST)";
				INFOPLIST_FILE = SealAppTests/Info.plist;
				LD_RUNPATH_SEARCH_PATHS = "$(inherited) @executable_path/Frameworks @loader_path/Frameworks";
				PRODUCT_BUNDLE_IDENTIFIER = sealAgreement.SealAppTests;
				PRODUCT_NAME = "$(TARGET_NAME)";
				TEST_HOST = "$(BUILT_PRODUCTS_DIR)/SealApp.app/SealApp";
			};
			name = Debug;
		};
		63EBD3B31D6205EE0005BC26 /* Release */ = {
			isa = XCBuildConfiguration;
			baseConfigurationReference = 6139E2C48A4359CDD38777E6 /* Pods-SealAppTests.release.xcconfig */;
			buildSettings = {
				BUNDLE_LOADER = "$(TEST_HOST)";
				INFOPLIST_FILE = SealAppTests/Info.plist;
				LD_RUNPATH_SEARCH_PATHS = "$(inherited) @executable_path/Frameworks @loader_path/Frameworks";
				PRODUCT_BUNDLE_IDENTIFIER = sealAgreement.SealAppTests;
				PRODUCT_NAME = "$(TARGET_NAME)";
				TEST_HOST = "$(BUILT_PRODUCTS_DIR)/SealApp.app/SealApp";
			};
			name = Release;
		};
		63EBD3B51D6205EE0005BC26 /* Debug */ = {
			isa = XCBuildConfiguration;
			baseConfigurationReference = D13D51837983299F5EC80646 /* Pods-SealAppUITests.debug.xcconfig */;
			buildSettings = {
				INFOPLIST_FILE = SealAppUITests/Info.plist;
				LD_RUNPATH_SEARCH_PATHS = "$(inherited) @executable_path/Frameworks @loader_path/Frameworks";
				PRODUCT_BUNDLE_IDENTIFIER = sealAgreement.SealAppUITests;
				PRODUCT_NAME = "$(TARGET_NAME)";
				TEST_TARGET_NAME = SealApp;
			};
			name = Debug;
		};
		63EBD3B61D6205EE0005BC26 /* Release */ = {
			isa = XCBuildConfiguration;
			baseConfigurationReference = E22E2765E2616647DF4A1A5D /* Pods-SealAppUITests.release.xcconfig */;
			buildSettings = {
				INFOPLIST_FILE = SealAppUITests/Info.plist;
				LD_RUNPATH_SEARCH_PATHS = "$(inherited) @executable_path/Frameworks @loader_path/Frameworks";
				PRODUCT_BUNDLE_IDENTIFIER = sealAgreement.SealAppUITests;
				PRODUCT_NAME = "$(TARGET_NAME)";
				TEST_TARGET_NAME = SealApp;
			};
			name = Release;
		};
/* End XCBuildConfiguration section */

/* Begin XCConfigurationList section */
		63EBD3791D6205EE0005BC26 /* Build configuration list for PBXProject "SealApp" */ = {
			isa = XCConfigurationList;
			buildConfigurations = (
				63EBD3AC1D6205EE0005BC26 /* Debug */,
				63EBD3AD1D6205EE0005BC26 /* Release */,
			);
			defaultConfigurationIsVisible = 0;
			defaultConfigurationName = Release;
		};
		63EBD3AE1D6205EE0005BC26 /* Build configuration list for PBXNativeTarget "SealApp" */ = {
			isa = XCConfigurationList;
			buildConfigurations = (
				63EBD3AF1D6205EE0005BC26 /* Debug */,
				63EBD3B01D6205EE0005BC26 /* Release */,
			);
			defaultConfigurationIsVisible = 0;
			defaultConfigurationName = Release;
		};
		63EBD3B11D6205EE0005BC26 /* Build configuration list for PBXNativeTarget "SealAppTests" */ = {
			isa = XCConfigurationList;
			buildConfigurations = (
				63EBD3B21D6205EE0005BC26 /* Debug */,
				63EBD3B31D6205EE0005BC26 /* Release */,
			);
			defaultConfigurationIsVisible = 0;
			defaultConfigurationName = Release;
		};
		63EBD3B41D6205EE0005BC26 /* Build configuration list for PBXNativeTarget "SealAppUITests" */ = {
			isa = XCConfigurationList;
			buildConfigurations = (
				63EBD3B51D6205EE0005BC26 /* Debug */,
				63EBD3B61D6205EE0005BC26 /* Release */,
			);
			defaultConfigurationIsVisible = 0;
			defaultConfigurationName = Release;
		};
/* End XCConfigurationList section */

/* Begin XCVersionGroup section */
		63EBD38D1D6205EE0005BC26 /* SealApp.xcdatamodeld */ = {
			isa = XCVersionGroup;
			children = (
				63EBD38E1D6205EE0005BC26 /* SealApp.xcdatamodel */,
			);
			currentVersion = 63EBD38E1D6205EE0005BC26 /* SealApp.xcdatamodel */;
			path = SealApp.xcdatamodeld;
			sourceTree = "<group>";
			versionGroupType = wrapper.xcdatamodel;
		};
/* End XCVersionGroup section */
	};
	rootObject = 63EBD3761D6205EE0005BC26 /* Project object */;
}
